
Microsoft Visual Studio Solution File, Format Version 12.00
# Visual Studio Version 16
VisualStudioVersion = 16.0.31729.503
MinimumVisualStudioVersion = 10.0.40219.1
Project("{FAE04EC0-301F-11D3-BF4B-00C04F79EFBC}") = "Zad_1_forms", "Zad_1_forms\Zad_1_forms.csproj", "{1C905942-5145-4B0B-B8DA-DD68E7D637FA}"
EndProject
Global
	GlobalSection(SolutionConfigurationPlatforms) = preSolution
		Debug|Any CPU = Debug|Any CPU
		Release|Any CPU = Release|Any CPU
	EndGlobalSection
	GlobalSection(ProjectConfigurationPlatforms) = postSolution
		{1C905942-5145-4B0B-B8DA-DD68E7D637FA}.Debug|Any CPU.ActiveCfg = Debug|Any CPU
		{1C905942-5145-4B0B-B8DA-DD68E7D637FA}.Debug|Any CPU.Build.0 = Debug|Any CPU
		{1C905942-5145-4B0B-B8DA-DD68E7D637FA}.Release|Any CPU.ActiveCfg = Release|Any CPU
		{1C905942-5145-4B0B-B8DA-DD68E7D637FA}.Release|Any CPU.Build.0 = Release|Any CPU
	EndGlobalSection
	GlobalSection(SolutionProperties) = preSolution
		HideSolutionNode = FALSE
	EndGlobalSection
	GlobalSection(ExtensibilityGlobals) = postSolution
		SolutionGuid = {DB2C240E-F7E1-43FF-8A93-018B1A466C56}
	EndGlobalSection
EndGlobal
